// !$*UTF8*$!
{
	archiveVersion = 1;
	classes = {
	};
	objectVersion = 50;
	objects = {

/* Begin PBXBuildFile section */
		BC21222C25FA7AB900389A4E /* DataAccess.framework in Frameworks */ = {isa = PBXBuildFile; fileRef = BC21222225FA7AB800389A4E /* DataAccess.framework */; };
		BC21223125FA7AB900389A4E /* DataAccessTests.swift in Sources */ = {isa = PBXBuildFile; fileRef = BC21223025FA7AB900389A4E /* DataAccessTests.swift */; };
		BC21223325FA7AB900389A4E /* DataAccess.h in Headers */ = {isa = PBXBuildFile; fileRef = BC21222525FA7AB800389A4E /* DataAccess.h */; settings = {ATTRIBUTES = (Public, ); }; };
/* End PBXBuildFile section */

/* Begin PBXContainerItemProxy section */
		BC21222D25FA7AB900389A4E /* PBXContainerItemProxy */ = {
			isa = PBXContainerItemProxy;
			containerPortal = BC21221925FA7AB800389A4E /* Project object */;
			proxyType = 1;
			remoteGlobalIDString = BC21222125FA7AB800389A4E;
			remoteInfo = DataAccess;
		};
/* End PBXContainerItemProxy section */

/* Begin PBXFileReference section */
		BC21222225FA7AB800389A4E /* DataAccess.framework */ = {isa = PBXFileReference; explicitFileType = wrapper.framework; includeInIndex = 0; path = DataAccess.framework; sourceTree = BUILT_PRODUCTS_DIR; };
		BC21222525FA7AB800389A4E /* DataAccess.h */ = {isa = PBXFileReference; lastKnownFileType = sourcecode.c.h; path = DataAccess.h; sourceTree = "<group>"; };
		BC21222625FA7AB800389A4E /* Info.plist */ = {isa = PBXFileReference; lastKnownFileType = text.plist.xml; path = Info.plist; sourceTree = "<group>"; };
		BC21222B25FA7AB900389A4E /* DataAccessTests.xctest */ = {isa = PBXFileReference; explicitFileType = wrapper.cfbundle; includeInIndex = 0; path = DataAccessTests.xctest; sourceTree = BUILT_PRODUCTS_DIR; };
		BC21223025FA7AB900389A4E /* DataAccessTests.swift */ = {isa = PBXFileReference; lastKnownFileType = sourcecode.swift; path = DataAccessTests.swift; sourceTree = "<group>"; };
		BC21223225FA7AB900389A4E /* Info.plist */ = {isa = PBXFileReference; lastKnownFileType = text.plist.xml; path = Info.plist; sourceTree = "<group>"; };
/* End PBXFileReference section */

/* Begin PBXFrameworksBuildPhase section */
		BC21221F25FA7AB800389A4E /* Frameworks */ = {
			isa = PBXFrameworksBuildPhase;
			buildActionMask = 2147483647;
			files = (
			);
			runOnlyForDeploymentPostprocessing = 0;
		};
		BC21222825FA7AB900389A4E /* Frameworks */ = {
			isa = PBXFrameworksBuildPhase;
			buildActionMask = 2147483647;
			files = (
				BC21222C25FA7AB900389A4E /* DataAccess.framework in Frameworks */,
			);
			runOnlyForDeploymentPostprocessing = 0;
		};
/* End PBXFrameworksBuildPhase section */

/* Begin PBXGroup section */
		BC21221825FA7AB800389A4E = {
			isa = PBXGroup;
			children = (
				BC21222425FA7AB800389A4E /* DataAccess */,
				BC21222F25FA7AB900389A4E /* DataAccessTests */,
				BC21222325FA7AB800389A4E /* Products */,
			);
			sourceTree = "<group>";
		};
		BC21222325FA7AB800389A4E /* Products */ = {
			isa = PBXGroup;
			children = (
				BC21222225FA7AB800389A4E /* DataAccess.framework */,
				BC21222B25FA7AB900389A4E /* DataAccessTests.xctest */,
			);
			name = Products;
			sourceTree = "<group>";
		};
		BC21222425FA7AB800389A4E /* DataAccess */ = {
			isa = PBXGroup;
			children = (
				BC21222525FA7AB800389A4E /* DataAccess.h */,
				BC21222625FA7AB800389A4E /* Info.plist */,
			);
			path = DataAccess;
			sourceTree = "<group>";
		};
		BC21222F25FA7AB900389A4E /* DataAccessTests */ = {
			isa = PBXGroup;
			children = (
				BC21223025FA7AB900389A4E /* DataAccessTests.swift */,
				BC21223225FA7AB900389A4E /* Info.plist */,
			);
			path = DataAccessTests;
			sourceTree = "<group>";
		};
/* End PBXGroup section */

/* Begin PBXHeadersBuildPhase section */
		BC21221D25FA7AB800389A4E /* Headers */ = {
			isa = PBXHeadersBuildPhase;
			buildActionMask = 2147483647;
			files = (
				BC21223325FA7AB900389A4E /* DataAccess.h in Headers */,
			);
			runOnlyForDeploymentPostprocessing = 0;
		};
/* End PBXHeadersBuildPhase section */

/* Begin PBXNativeTarget section */
		BC21222125FA7AB800389A4E /* DataAccess */ = {
			isa = PBXNativeTarget;
			buildConfigurationList = BC21223625FA7AB900389A4E /* Build configuration list for PBXNativeTarget "DataAccess" */;
			buildPhases = (
				BC21221D25FA7AB800389A4E /* Headers */,
				BC21221E25FA7AB800389A4E /* Sources */,
				BC21221F25FA7AB800389A4E /* Frameworks */,
				BC21222025FA7AB800389A4E /* Resources */,
			);
			buildRules = (
			);
			dependencies = (
			);
			name = DataAccess;
			productName = DataAccess;
			productReference = BC21222225FA7AB800389A4E /* DataAccess.framework */;
			productType = "com.apple.product-type.framework";
		};
		BC21222A25FA7AB900389A4E /* DataAccessTests */ = {
			isa = PBXNativeTarget;
			buildConfigurationList = BC21223925FA7AB900389A4E /* Build configuration list for PBXNativeTarget "DataAccessTests" */;
			buildPhases = (
				BC21222725FA7AB900389A4E /* Sources */,
				BC21222825FA7AB900389A4E /* Frameworks */,
				BC21222925FA7AB900389A4E /* Resources */,
			);
			buildRules = (
			);
			dependencies = (
				BC21222E25FA7AB900389A4E /* PBXTargetDependency */,
			);
			name = DataAccessTests;
			productName = DataAccessTests;
			productReference = BC21222B25FA7AB900389A4E /* DataAccessTests.xctest */;
			productType = "com.apple.product-type.bundle.unit-test";
		};
/* End PBXNativeTarget section */

/* Begin PBXProject section */
		BC21221925FA7AB800389A4E /* Project object */ = {
			isa = PBXProject;
			attributes = {
				LastSwiftUpdateCheck = 1200;
				LastUpgradeCheck = 1200;
				TargetAttributes = {
					BC21222125FA7AB800389A4E = {
						CreatedOnToolsVersion = 12.0;
					};
					BC21222A25FA7AB900389A4E = {
						CreatedOnToolsVersion = 12.0;
					};
				};
			};
			buildConfigurationList = BC21221C25FA7AB800389A4E /* Build configuration list for PBXProject "DataAccess" */;
			compatibilityVersion = "Xcode 9.3";
			developmentRegion = en;
			hasScannedForEncodings = 0;
			knownRegions = (
				en,
				Base,
			);
			mainGroup = BC21221825FA7AB800389A4E;
			productRefGroup = BC21222325FA7AB800389A4E /* Products */;
			projectDirPath = "";
			projectRoot = "";
			targets = (
				BC21222125FA7AB800389A4E /* DataAccess */,
				BC21222A25FA7AB900389A4E /* DataAccessTests */,
			);
		};
/* End PBXProject section */

/* Begin PBXResourcesBuildPhase section */
		BC21222025FA7AB800389A4E /* Resources */ = {
			isa = PBXResourcesBuildPhase;
			buildActionMask = 2147483647;
			files = (
			);
			runOnlyForDeploymentPostprocessing = 0;
		};
		BC21222925FA7AB900389A4E /* Resources */ = {
			isa = PBXResourcesBuildPhase;
			buildActionMask = 2147483647;
			files = (
			);
			runOnlyForDeploymentPostprocessing = 0;
		};
/* End PBXResourcesBuildPhase section */

/* Begin PBXSourcesBuildPhase section */
		BC21221E25FA7AB800389A4E /* Sources */ = {
			isa = PBXSourcesBuildPhase;
			buildActionMask = 2147483647;
			files = (
			);
			runOnlyForDeploymentPostprocessing = 0;
		};
		BC21222725FA7AB900389A4E /* Sources */ = {
			isa = PBXSourcesBuildPhase;
			buildActionMask = 2147483647;
			files = (
				BC21223125FA7AB900389A4E /* DataAccessTests.swift in Sources */,
			);
			runOnlyForDeploymentPostprocessing = 0;
		};
/* End PBXSourcesBuildPhase section */

/* Begin PBXTargetDependency section */
		BC21222E25FA7AB900389A4E /* PBXTargetDependency */ = {
			isa = PBXTargetDependency;
			target = BC21222125FA7AB800389A4E /* DataAccess */;
			targetProxy = BC21222D25FA7AB900389A4E /* PBXContainerItemProxy */;
		};
/* End PBXTargetDependency section */

/* Begin XCBuildConfiguration section */
		BC21223425FA7AB900389A4E /* Debug */ = {
			isa = XCBuildConfiguration;
			buildSettings = {
				ALWAYS_SEARCH_USER_PATHS = NO;
				CLANG_ANALYZER_NONNULL = YES;
				CLANG_ANALYZER_NUMBER_OBJECT_CONVERSION = YES_AGGRESSIVE;
				CLANG_CXX_LANGUAGE_STANDARD = "gnu++14";
				CLANG_CXX_LIBRARY = "libc++";
				CLANG_ENABLE_MODULES = YES;
				CLANG_ENABLE_OBJC_ARC = YES;
				CLANG_ENABLE_OBJC_WEAK = YES;
				CLANG_WARN_BLOCK_CAPTURE_AUTORELEASING = YES;
				CLANG_WARN_BOOL_CONVERSION = YES;
				CLANG_WARN_COMMA = YES;
				CLANG_WARN_CONSTANT_CONVERSION = YES;
				CLANG_WARN_DEPRECATED_OBJC_IMPLEMENTATIONS = YES;
				CLANG_WARN_DIRECT_OBJC_ISA_USAGE = YES_ERROR;
				CLANG_WARN_DOCUMENTATION_COMMENTS = YES;
				CLANG_WARN_EMPTY_BODY = YES;
				CLANG_WARN_ENUM_CONVERSION = YES;
				CLANG_WARN_INFINITE_RECURSION = YES;
				CLANG_WARN_INT_CONVERSION = YES;
				CLANG_WARN_NON_LITERAL_NULL_CONVERSION = YES;
				CLANG_WARN_OBJC_IMPLICIT_RETAIN_SELF = YES;
				CLANG_WARN_OBJC_LITERAL_CONVERSION = YES;
				CLANG_WARN_OBJC_ROOT_CLASS = YES_ERROR;
				CLANG_WARN_QUOTED_INCLUDE_IN_FRAMEWORK_HEADER = YES;
				CLANG_WARN_RANGE_LOOP_ANALYSIS = YES;
				CLANG_WARN_STRICT_PROTOTYPES = YES;
				CLANG_WARN_SUSPICIOUS_MOVE = YES;
				CLANG_WARN_UNGUARDED_AVAILABILITY = YES_AGGRESSIVE;
				CLANG_WARN_UNREACHABLE_CODE = YES;
				CLANG_WARN__DUPLICATE_METHOD_MATCH = YES;
				COPY_PHASE_STRIP = NO;
				CURRENT_PROJECT_VERSION = 1;
				DEBUG_INFORMATION_FORMAT = dwarf;
				ENABLE_STRICT_OBJC_MSGSEND = YES;
				ENABLE_TESTABILITY = YES;
				GCC_C_LANGUAGE_STANDARD = gnu11;
				GCC_DYNAMIC_NO_PIC = NO;
				GCC_NO_COMMON_BLOCKS = YES;
				GCC_OPTIMIZATION_LEVEL = 0;
				GCC_PREPROCESSOR_DEFINITIONS = (
					"DEBUG=1",
					"$(inherited)",
				);
				GCC_WARN_64_TO_32_BIT_CONVERSION = YES;
				GCC_WARN_ABOUT_RETURN_TYPE = YES_ERROR;
				GCC_WARN_UNDECLARED_SELECTOR = YES;
				GCC_WARN_UNINITIALIZED_AUTOS = YES_AGGRESSIVE;
				GCC_WARN_UNUSED_FUNCTION = YES;
				GCC_WARN_UNUSED_VARIABLE = YES;
				IPHONEOS_DEPLOYMENT_TARGET = 14.0;
				MTL_ENABLE_DEBUG_INFO = INCLUDE_SOURCE;
				MTL_FAST_MATH = YES;
				ONLY_ACTIVE_ARCH = YES;
				SDKROOT = iphoneos;
				SWIFT_ACTIVE_COMPILATION_CONDITIONS = DEBUG;
				SWIFT_OPTIMIZATION_LEVEL = "-Onone";
				VERSIONING_SYSTEM = "apple-generic";
				VERSION_INFO_PREFIX = "";
			};
			name = Debug;
		};
		BC21223525FA7AB900389A4E /* Release */ = {
			isa = XCBuildConfiguration;
			buildSettings = {
				ALWAYS_SEARCH_USER_PATHS = NO;
				CLANG_ANALYZER_NONNULL = YES;
				CLANG_ANALYZER_NUMBER_OBJECT_CONVERSION = YES_AGGRESSIVE;
				CLANG_CXX_LANGUAGE_STANDARD = "gnu++14";
				CLANG_CXX_LIBRARY = "libc++";
				CLANG_ENABLE_MODULES = YES;
				CLANG_ENABLE_OBJC_ARC = YES;
				CLANG_ENABLE_OBJC_WEAK = YES;
				CLANG_WARN_BLOCK_CAPTURE_AUTORELEASING = YES;
				CLANG_WARN_BOOL_CONVERSION = YES;
				CLANG_WARN_COMMA = YES;
				CLANG_WARN_CONSTANT_CONVERSION = YES;
				CLANG_WARN_DEPRECATED_OBJC_IMPLEMENTATIONS = YES;
				CLANG_WARN_DIRECT_OBJC_ISA_USAGE = YES_ERROR;
				CLANG_WARN_DOCUMENTATION_COMMENTS = YES;
				CLANG_WARN_EMPTY_BODY = YES;
				CLANG_WARN_ENUM_CONVERSION = YES;
				CLANG_WARN_INFINITE_RECURSION = YES;
				CLANG_WARN_INT_CONVERSION = YES;
				CLANG_WARN_NON_LITERAL_NULL_CONVERSION = YES;
				CLANG_WARN_OBJC_IMPLICIT_RETAIN_SELF = YES;
				CLANG_WARN_OBJC_LITERAL_CONVERSION = YES;
				CLANG_WARN_OBJC_ROOT_CLASS = YES_ERROR;
				CLANG_WARN_QUOTED_INCLUDE_IN_FRAMEWORK_HEADER = YES;
				CLANG_WARN_RANGE_LOOP_ANALYSIS = YES;
				CLANG_WARN_STRICT_PROTOTYPES = YES;
				CLANG_WARN_SUSPICIOUS_MOVE = YES;
				CLANG_WARN_UNGUARDED_AVAILABILITY = YES_AGGRESSIVE;
				CLANG_WARN_UNREACHABLE_CODE = YES;
				CLANG_WARN__DUPLICATE_METHOD_MATCH = YES;
				COPY_PHASE_STRIP = NO;
				CURRENT_PROJECT_VERSION = 1;
				DEBUG_INFORMATION_FORMAT = "dwarf-with-dsym";
				ENABLE_NS_ASSERTIONS = NO;
				ENABLE_STRICT_OBJC_MSGSEND = YES;
				GCC_C_LANGUAGE_STANDARD = gnu11;
				GCC_NO_COMMON_BLOCKS = YES;
				GCC_WARN_64_TO_32_BIT_CONVERSION = YES;
				GCC_WARN_ABOUT_RETURN_TYPE = YES_ERROR;
				GCC_WARN_UNDECLARED_SELECTOR = YES;
				GCC_WARN_UNINITIALIZED_AUTOS = YES_AGGRESSIVE;
				GCC_WARN_UNUSED_FUNCTION = YES;
				GCC_WARN_UNUSED_VARIABLE = YES;
				IPHONEOS_DEPLOYMENT_TARGET = 14.0;
				MTL_ENABLE_DEBUG_INFO = NO;
				MTL_FAST_MATH = YES;
				SDKROOT = iphoneos;
				SWIFT_COMPILATION_MODE = wholemodule;
				SWIFT_OPTIMIZATION_LEVEL = "-O";
				VALIDATE_PRODUCT = YES;
				VERSIONING_SYSTEM = "apple-generic";
				VERSION_INFO_PREFIX = "";
			};
			name = Release;
		};
		BC21223725FA7AB900389A4E /* Debug */ = {
			isa = XCBuildConfiguration;
			buildSettings = {
				CODE_SIGN_STYLE = Automatic;
				DEFINES_MODULE = YES;
				DYLIB_COMPATIBILITY_VERSION = 1;
				DYLIB_CURRENT_VERSION = 1;
				DYLIB_INSTALL_NAME_BASE = "@rpath";
				INFOPLIST_FILE = DataAccess/Info.plist;
				INSTALL_PATH = "$(LOCAL_LIBRARY_DIR)/Frameworks";
				LD_RUNPATH_SEARCH_PATHS = (
					"$(inherited)",
					"@executable_path/Frameworks",
					"@loader_path/Frameworks",
				);
				PRODUCT_BUNDLE_IDENTIFIER = co.com.ceiba.alejandrovilla.DataAccess;
				PRODUCT_NAME = "$(TARGET_NAME:c99extidentifier)";
				SKIP_INSTALL = YES;
				SWIFT_VERSION = 5.0;
				TARGETED_DEVICE_FAMILY = "1,2";
			};
			name = Debug;
		};
		BC21223825FA7AB900389A4E /* Release */ = {
			isa = XCBuildConfiguration;
			buildSettings = {
				CODE_SIGN_STYLE = Automatic;
				DEFINES_MODULE = YES;
				DYLIB_COMPATIBILITY_VERSION = 1;
				DYLIB_CURRENT_VERSION = 1;
				DYLIB_INSTALL_NAME_BASE = "@rpath";
				INFOPLIST_FILE = DataAccess/Info.plist;
				INSTALL_PATH = "$(LOCAL_LIBRARY_DIR)/Frameworks";
				LD_RUNPATH_SEARCH_PATHS = (
					"$(inherited)",
					"@executable_path/Frameworks",
					"@loader_path/Frameworks",
				);
				PRODUCT_BUNDLE_IDENTIFIER = co.com.ceiba.alejandrovilla.DataAccess;
				PRODUCT_NAME = "$(TARGET_NAME:c99extidentifier)";
				SKIP_INSTALL = YES;
				SWIFT_VERSION = 5.0;
				TARGETED_DEVICE_FAMILY = "1,2";
			};
			name = Release;
		};
		BC21223A25FA7AB900389A4E /* Debug */ = {
			isa = XCBuildConfiguration;
			buildSettings = {
				CODE_SIGN_STYLE = Automatic;
				INFOPLIST_FILE = DataAccessTests/Info.plist;
				LD_RUNPATH_SEARCH_PATHS = (
					"$(inherited)",
					"@executable_path/Frameworks",
					"@loader_path/Frameworks",
				);
				PRODUCT_BUNDLE_IDENTIFIER = co.com.ceiba.alejandrovilla.DataAccessTests;
				PRODUCT_NAME = "$(TARGET_NAME)";
				SWIFT_VERSION = 5.0;
				TARGETED_DEVICE_FAMILY = "1,2";
			};
			name = Debug;
		};
		BC21223B25FA7AB900389A4E /* Release */ = {
			isa = XCBuildConfiguration;
			buildSettings = {
				CODE_SIGN_STYLE = Automatic;
				INFOPLIST_FILE = DataAccessTests/Info.plist;
				LD_RUNPATH_SEARCH_PATHS = (
					"$(inherited)",
					"@executable_path/Frameworks",
					"@loader_path/Frameworks",
				);
				PRODUCT_BUNDLE_IDENTIFIER = co.com.ceiba.alejandrovilla.DataAccessTests;
				PRODUCT_NAME = "$(TARGET_NAME)";
				SWIFT_VERSION = 5.0;
				TARGETED_DEVICE_FAMILY = "1,2";
			};
			name = Release;
		};
/* End XCBuildConfiguration section */

/* Begin XCConfigurationList section */
		BC21221C25FA7AB800389A4E /* Build configuration list for PBXProject "DataAccess" */ = {
			isa = XCConfigurationList;
			buildConfigurations = (
				BC21223425FA7AB900389A4E /* Debug */,
				BC21223525FA7AB900389A4E /* Release */,
			);
			defaultConfigurationIsVisible = 0;
			defaultConfigurationName = Release;
		};
		BC21223625FA7AB900389A4E /* Build configuration list for PBXNativeTarget "DataAccess" */ = {
			isa = XCConfigurationList;
			buildConfigurations = (
				BC21223725FA7AB900389A4E /* Debug */,
				BC21223825FA7AB900389A4E /* Release */,
			);
			defaultConfigurationIsVisible = 0;
			defaultConfigurationName = Release;
		};
		BC21223925FA7AB900389A4E /* Build configuration list for PBXNativeTarget "DataAccessTests" */ = {
			isa = XCConfigurationList;
			buildConfigurations = (
				BC21223A25FA7AB900389A4E /* Debug */,
				BC21223B25FA7AB900389A4E /* Release */,
			);
			defaultConfigurationIsVisible = 0;
			defaultConfigurationName = Release;
		};
/* End XCConfigurationList section */
	};
	rootObject = BC21221925FA7AB800389A4E /* Project object */;
}
